
Microsoft Visual Studio Solution File, Format Version 12.00
# Visual Studio Version 16
VisualStudioVersion = 25.0.1706.0
MinimumVisualStudioVersion = 10.0.40219.1
Project("{FAE04EC0-301F-11D3-BF4B-00C04F79EFBC}") = "Problem-Domain-Lab03", "Problem-Domain-Lab03\Problem-Domain-Lab03.csproj", "{721F29CB-52E9-4ACE-918D-C709D758A361}"
EndProject
Global
	GlobalSection(SolutionConfigurationPlatforms) = preSolution
		Debug|Any CPU = Debug|Any CPU
		Release|Any CPU = Release|Any CPU
	EndGlobalSection
	GlobalSection(ProjectConfigurationPlatforms) = postSolution
		{721F29CB-52E9-4ACE-918D-C709D758A361}.Debug|Any CPU.ActiveCfg = Debug|Any CPU
		{721F29CB-52E9-4ACE-918D-C709D758A361}.Debug|Any CPU.Build.0 = Debug|Any CPU
		{721F29CB-52E9-4ACE-918D-C709D758A361}.Release|Any CPU.ActiveCfg = Release|Any CPU
		{721F29CB-52E9-4ACE-918D-C709D758A361}.Release|Any CPU.Build.0 = Release|Any CPU
	EndGlobalSection
	GlobalSection(SolutionProperties) = preSolution
		HideSolutionNode = FALSE
	EndGlobalSection
	GlobalSection(ExtensibilityGlobals) = postSolution
		SolutionGuid = {01245D11-8442-4E5F-B0F9-51D37A95BA72}
	EndGlobalSection
EndGlobal
